
Microsoft Visual Studio Solution File, Format Version 12.00
# Visual Studio Version 17
VisualStudioVersion = 17.0.31919.166
MinimumVisualStudioVersion = 10.0.40219.1
Project("{FAE04EC0-301F-11D3-BF4B-00C04F79EFBC}") = "YetAnotheToDoList", "YetAnotheToDoList.csproj", "{7EB381D8-90D1-4F1E-86F8-F996EE9DF0EC}"
EndProject
Global
	GlobalSection(SolutionConfigurationPlatforms) = preSolution
		Debug|Any CPU = Debug|Any CPU
		Release|Any CPU = Release|Any CPU
	EndGlobalSection
	GlobalSection(ProjectConfigurationPlatforms) = postSolution
		{7EB381D8-90D1-4F1E-86F8-F996EE9DF0EC}.Debug|Any CPU.ActiveCfg = Debug|Any CPU
		{7EB381D8-90D1-4F1E-86F8-F996EE9DF0EC}.Debug|Any CPU.Build.0 = Debug|Any CPU
		{7EB381D8-90D1-4F1E-86F8-F996EE9DF0EC}.Release|Any CPU.ActiveCfg = Release|Any CPU
		{7EB381D8-90D1-4F1E-86F8-F996EE9DF0EC}.Release|Any CPU.Build.0 = Release|Any CPU
	EndGlobalSection
	GlobalSection(SolutionProperties) = preSolution
		HideSolutionNode = FALSE
	EndGlobalSection
	GlobalSection(ExtensibilityGlobals) = postSolution
		SolutionGuid = {8C22E018-477E-4819-ABC7-30A80376D680}
	EndGlobalSection
EndGlobal
